
Microsoft Visual Studio Solution File, Format Version 12.00
# Visual Studio Version 17
VisualStudioVersion = 17.11.35327.3
MinimumVisualStudioVersion = 10.0.40219.1
Project("{8BC9CEB8-8B4A-11D0-8D11-00A0C91BC942}") = "AsioServer", "AsioServer.vcxproj", "{99D59F28-5538-4D85-B161-4D0C60DAE146}"
EndProject
Project("{8BC9CEB8-8B4A-11D0-8D11-00A0C91BC942}") = "Network", "Network\Network.vcxproj", "{8007C566-F75E-4237-A13F-48AA3F0E5F1C}"
EndProject
Project("{8BC9CEB8-8B4A-11D0-8D11-00A0C91BC942}") = "Public", "Public\Public\Public.vcxitems", "{904E3AF6-5677-490E-BF4E-E968ACD33F86}"
EndProject
Global
	GlobalSection(SolutionConfigurationPlatforms) = preSolution
		Debug|x64 = Debug|x64
		Debug|x86 = Debug|x86
		Release|x64 = Release|x64
		Release|x86 = Release|x86
	EndGlobalSection
	GlobalSection(ProjectConfigurationPlatforms) = postSolution
		{99D59F28-5538-4D85-B161-4D0C60DAE146}.Debug|x64.ActiveCfg = Debug|x64
		{99D59F28-5538-4D85-B161-4D0C60DAE146}.Debug|x64.Build.0 = Debug|x64
		{99D59F28-5538-4D85-B161-4D0C60DAE146}.Debug|x86.ActiveCfg = Debug|Win32
		{99D59F28-5538-4D85-B161-4D0C60DAE146}.Debug|x86.Build.0 = Debug|Win32
		{99D59F28-5538-4D85-B161-4D0C60DAE146}.Release|x64.ActiveCfg = Release|x64
		{99D59F28-5538-4D85-B161-4D0C60DAE146}.Release|x64.Build.0 = Release|x64
		{99D59F28-5538-4D85-B161-4D0C60DAE146}.Release|x86.ActiveCfg = Release|Win32
		{99D59F28-5538-4D85-B161-4D0C60DAE146}.Release|x86.Build.0 = Release|Win32
		{8007C566-F75E-4237-A13F-48AA3F0E5F1C}.Debug|x64.ActiveCfg = Debug|x64
		{8007C566-F75E-4237-A13F-48AA3F0E5F1C}.Debug|x64.Build.0 = Debug|x64
		{8007C566-F75E-4237-A13F-48AA3F0E5F1C}.Debug|x86.ActiveCfg = Debug|Win32
		{8007C566-F75E-4237-A13F-48AA3F0E5F1C}.Debug|x86.Build.0 = Debug|Win32
		{8007C566-F75E-4237-A13F-48AA3F0E5F1C}.Release|x64.ActiveCfg = Release|x64
		{8007C566-F75E-4237-A13F-48AA3F0E5F1C}.Release|x64.Build.0 = Release|x64
		{8007C566-F75E-4237-A13F-48AA3F0E5F1C}.Release|x86.ActiveCfg = Release|Win32
		{8007C566-F75E-4237-A13F-48AA3F0E5F1C}.Release|x86.Build.0 = Release|Win32
	EndGlobalSection
	GlobalSection(SolutionProperties) = preSolution
		HideSolutionNode = FALSE
	EndGlobalSection
	GlobalSection(ExtensibilityGlobals) = postSolution
		SolutionGuid = {A34FF059-E077-447A-9B5E-7A70A597CDF9}
	EndGlobalSection
EndGlobal
